{
  "name": "mongodb-model-import-checker",
  "version": "1.0.0",
  "lockfileVersion": 3,
  "requires": true,
  "packages": {
    "": {
      "name": "mongodb-model-import-checker",
      "version": "1.0.0",
      "devDependencies": {
        "@types/node": "^18.x",
        "@types/vscode": "^1.75.0",
        "typescript": "^5.0.0"
      },
      "engines": {
        "vscode": "^1.75.0"
      }
    },
    "node_modules/@types/node": {
      "version": "18.19.128",
      "resolved": "https://registry.npmjs.org/@types/node/-/node-18.19.128.tgz",
      "integrity": "sha512-m7wxXGpPpqxp2QDi/rpih5O772APRuBIa/6XiGqLNoM1txkjI8Sz1V4oSXJxQLTz/yP5mgy9z6UXEO6/lP70Gg==",
      "dev": true,
      "license": "MIT",
      "dependencies": {
        "undici-types": "~5.26.4"
      }
    },
    "node_modules/@types/vscode": {
      "version": "1.104.0",
      "resolved": "https://registry.npmjs.org/@types/vscode/-/vscode-1.104.0.tgz",
      "integrity": "sha512-0KwoU2rZ2ecsTGFxo4K1+f+AErRsYW0fsp6A0zufzGuhyczc2IoKqYqcwXidKXmy2u8YB2GsYsOtiI9Izx3Tig==",
      "dev": true,
      "license": "MIT"
    },
    "node_modules/typescript": {
      "version": "5.9.2",
      "resolved": "https://registry.npmjs.org/typescript/-/typescript-5.9.2.tgz",
      "integrity": "sha512-CWBzXQrc/qOkhidw1OzBTQuYRbfyxDXJMVJ1XNwUHGROVmuaeiEm3OslpZ1RV96d7SKKjZKrSJu3+t/xlw3R9A==",
      "dev": true,
      "license": "Apache-2.0",
      "bin": {
        "tsc": "bin/tsc",
        "tsserver": "bin/tsserver"
      },
      "engines": {
        "node": ">=14.17"
      }
    },
    "node_modules/undici-types": {
      "version": "5.26.5",
      "resolved": "https://registry.npmjs.org/undici-types/-/undici-types-5.26.5.tgz",
      "integrity": "sha512-JlCMO+ehdEIKqlFxk6IfVoAUVmgz7cU7zD/h9XZ0qzeosSHmUJVOzSQvvYSYWXkFXC+IfLKSIffhv0sVZup6pA==",
      "dev": true,
      "license": "MIT"
    }
  }
}
